// !$*UTF8*$!
{
	archiveVersion = 1;
	classes = {
	};
	objectVersion = 50;
	objects = {

/* Begin PBXBuildFile section */
		15E0C53627A46F2A0065E876 /* Details.storyboard in Resources */ = {isa = PBXBuildFile; fileRef = 15E0C53527A46F2A0065E876 /* Details.storyboard */; };
		84600C7D27A47F5B00640080 /* TabBarViewController.swift in Sources */ = {isa = PBXBuildFile; fileRef = 84600C7C27A47F5B00640080 /* TabBarViewController.swift */; };
		84600C7F27A47FBF00640080 /* LeaguesListViewController.swift in Sources */ = {isa = PBXBuildFile; fileRef = 84600C7E27A47FBF00640080 /* LeaguesListViewController.swift */; };
		84600C8127A47FE400640080 /* TeamDetailsViewController.swift in Sources */ = {isa = PBXBuildFile; fileRef = 84600C8027A47FE400640080 /* TeamDetailsViewController.swift */; };
		84600C8327A4800600640080 /* FavouriteLeaguesViewController.swift in Sources */ = {isa = PBXBuildFile; fileRef = 84600C8227A4800600640080 /* FavouriteLeaguesViewController.swift */; };
		84600C8527A486C400640080 /* LeagueDTO.swift in Sources */ = {isa = PBXBuildFile; fileRef = 84600C8427A486C400640080 /* LeagueDTO.swift */; };
		84600C8727A486E500640080 /* GetAllSportsResponseModel.swift in Sources */ = {isa = PBXBuildFile; fileRef = 84600C8627A486E500640080 /* GetAllSportsResponseModel.swift */; };
		84600C8927A486F800640080 /* NetworkManager.swift in Sources */ = {isa = PBXBuildFile; fileRef = 84600C8827A486F800640080 /* NetworkManager.swift */; };
		84600C8E27A4888700640080 /* CoreDataManager.swift in Sources */ = {isa = PBXBuildFile; fileRef = 84600C8D27A4888700640080 /* CoreDataManager.swift */; };
		84725ED027A42E73008475DC /* AppDelegate.swift in Sources */ = {isa = PBXBuildFile; fileRef = 84725ECF27A42E73008475DC /* AppDelegate.swift */; };
		84725ED227A42E73008475DC /* SceneDelegate.swift in Sources */ = {isa = PBXBuildFile; fileRef = 84725ED127A42E73008475DC /* SceneDelegate.swift */; };
		84725ED427A42E73008475DC /* SportsListViewController.swift in Sources */ = {isa = PBXBuildFile; fileRef = 84725ED327A42E73008475DC /* SportsListViewController.swift */; };
		84725ED727A42E73008475DC /* Main.storyboard in Resources */ = {isa = PBXBuildFile; fileRef = 84725ED527A42E73008475DC /* Main.storyboard */; };
		84725ED927A42E76008475DC /* Assets.xcassets in Resources */ = {isa = PBXBuildFile; fileRef = 84725ED827A42E76008475DC /* Assets.xcassets */; };
		84725EDC27A42E76008475DC /* LaunchScreen.storyboard in Resources */ = {isa = PBXBuildFile; fileRef = 84725EDA27A42E76008475DC /* LaunchScreen.storyboard */; };
		84725EF127A47708008475DC /* LeagueDetailsViewController.swift in Sources */ = {isa = PBXBuildFile; fileRef = 84725EF027A47708008475DC /* LeagueDetailsViewController.swift */; };
		84725EF327A4773B008475DC /* LeagueDetailsPresenter.swift in Sources */ = {isa = PBXBuildFile; fileRef = 84725EF227A4773B008475DC /* LeagueDetailsPresenter.swift */; };
/* End PBXBuildFile section */

/* Begin PBXFileReference section */
		15E0C53527A46F2A0065E876 /* Details.storyboard */ = {isa = PBXFileReference; lastKnownFileType = file.storyboard; path = Details.storyboard; sourceTree = "<group>"; };
		84600C7C27A47F5B00640080 /* TabBarViewController.swift */ = {isa = PBXFileReference; lastKnownFileType = sourcecode.swift; path = TabBarViewController.swift; sourceTree = "<group>"; };
		84600C7E27A47FBF00640080 /* LeaguesListViewController.swift */ = {isa = PBXFileReference; lastKnownFileType = sourcecode.swift; path = LeaguesListViewController.swift; sourceTree = "<group>"; };
		84600C8027A47FE400640080 /* TeamDetailsViewController.swift */ = {isa = PBXFileReference; lastKnownFileType = sourcecode.swift; path = TeamDetailsViewController.swift; sourceTree = "<group>"; };
		84600C8227A4800600640080 /* FavouriteLeaguesViewController.swift */ = {isa = PBXFileReference; lastKnownFileType = sourcecode.swift; path = FavouriteLeaguesViewController.swift; sourceTree = "<group>"; };
		84600C8427A486C400640080 /* LeagueDTO.swift */ = {isa = PBXFileReference; lastKnownFileType = sourcecode.swift; path = LeagueDTO.swift; sourceTree = "<group>"; };
		84600C8627A486E500640080 /* GetAllSportsResponseModel.swift */ = {isa = PBXFileReference; lastKnownFileType = sourcecode.swift; path = GetAllSportsResponseModel.swift; sourceTree = "<group>"; };
		84600C8827A486F800640080 /* NetworkManager.swift */ = {isa = PBXFileReference; lastKnownFileType = sourcecode.swift; path = NetworkManager.swift; sourceTree = "<group>"; };
		84600C8D27A4888700640080 /* CoreDataManager.swift */ = {isa = PBXFileReference; lastKnownFileType = sourcecode.swift; path = CoreDataManager.swift; sourceTree = "<group>"; };
		84725ECC27A42E73008475DC /* SportsApp.app */ = {isa = PBXFileReference; explicitFileType = wrapper.application; includeInIndex = 0; path = SportsApp.app; sourceTree = BUILT_PRODUCTS_DIR; };
		84725ECF27A42E73008475DC /* AppDelegate.swift */ = {isa = PBXFileReference; lastKnownFileType = sourcecode.swift; path = AppDelegate.swift; sourceTree = "<group>"; };
		84725ED127A42E73008475DC /* SceneDelegate.swift */ = {isa = PBXFileReference; lastKnownFileType = sourcecode.swift; path = SceneDelegate.swift; sourceTree = "<group>"; };
		84725ED327A42E73008475DC /* SportsListViewController.swift */ = {isa = PBXFileReference; lastKnownFileType = sourcecode.swift; path = SportsListViewController.swift; sourceTree = "<group>"; };
		84725ED627A42E73008475DC /* Base */ = {isa = PBXFileReference; lastKnownFileType = file.storyboard; name = Base; path = Base.lproj/Main.storyboard; sourceTree = "<group>"; };
		84725ED827A42E76008475DC /* Assets.xcassets */ = {isa = PBXFileReference; lastKnownFileType = folder.assetcatalog; path = Assets.xcassets; sourceTree = "<group>"; };
		84725EDB27A42E76008475DC /* Base */ = {isa = PBXFileReference; lastKnownFileType = file.storyboard; name = Base; path = Base.lproj/LaunchScreen.storyboard; sourceTree = "<group>"; };
		84725EDD27A42E76008475DC /* Info.plist */ = {isa = PBXFileReference; lastKnownFileType = text.plist.xml; path = Info.plist; sourceTree = "<group>"; };
		84725EF027A47708008475DC /* LeagueDetailsViewController.swift */ = {isa = PBXFileReference; lastKnownFileType = sourcecode.swift; path = LeagueDetailsViewController.swift; sourceTree = "<group>"; };
		84725EF227A4773B008475DC /* LeagueDetailsPresenter.swift */ = {isa = PBXFileReference; lastKnownFileType = sourcecode.swift; path = LeagueDetailsPresenter.swift; sourceTree = "<group>"; };
/* End PBXFileReference section */

/* Begin PBXFrameworksBuildPhase section */
		84725EC927A42E73008475DC /* Frameworks */ = {
			isa = PBXFrameworksBuildPhase;
			buildActionMask = 2147483647;
			files = (
			);
			runOnlyForDeploymentPostprocessing = 0;
		};
/* End PBXFrameworksBuildPhase section */

/* Begin PBXGroup section */
		15E0C53427A46EDD0065E876 /* storyboards */ = {
			isa = PBXGroup;
			children = (
				84725ED527A42E73008475DC /* Main.storyboard */,
				15E0C53527A46F2A0065E876 /* Details.storyboard */,
				84725EDA27A42E76008475DC /* LaunchScreen.storyboard */,
			);
			path = storyboards;
			sourceTree = "<group>";
		};
		84600C7B27A47F2000640080 /* TabbarController */ = {
			isa = PBXGroup;
			children = (
				84600C7C27A47F5B00640080 /* TabBarViewController.swift */,
			);
			path = TabbarController;
			sourceTree = "<group>";
		};
		84600C8C27A4887200640080 /* CoreDataManager */ = {
			isa = PBXGroup;
			children = (
				84600C8D27A4888700640080 /* CoreDataManager.swift */,
			);
			path = CoreDataManager;
			sourceTree = "<group>";
		};
		84725EC327A42E73008475DC = {
			isa = PBXGroup;
			children = (
				84725ECE27A42E73008475DC /* SportsApp */,
				84725ECD27A42E73008475DC /* Products */,
			);
			sourceTree = "<group>";
		};
		84725ECD27A42E73008475DC /* Products */ = {
			isa = PBXGroup;
			children = (
				84725ECC27A42E73008475DC /* SportsApp.app */,
			);
			name = Products;
			sourceTree = "<group>";
		};
		84725ECE27A42E73008475DC /* SportsApp */ = {
			isa = PBXGroup;
			children = (
				84725EE327A4751E008475DC /* AppDelegate */,
				84725EE927A475E8008475DC /* Modules */,
				84725EEA27A47618008475DC /* Model */,
				15E0C53427A46EDD0065E876 /* storyboards */,
				84725EED27A47666008475DC /* Utilities */,
				84725ED827A42E76008475DC /* Assets.xcassets */,
				84725EDD27A42E76008475DC /* Info.plist */,
			);
			path = SportsApp;
			sourceTree = "<group>";
		};
		84725EE327A4751E008475DC /* AppDelegate */ = {
			isa = PBXGroup;
			children = (
				84725ECF27A42E73008475DC /* AppDelegate.swift */,
				84725ED127A42E73008475DC /* SceneDelegate.swift */,
			);
			path = AppDelegate;
			sourceTree = "<group>";
		};
		84725EE427A47541008475DC /* SportsListScreen */ = {
			isa = PBXGroup;
			children = (
				84725ED327A42E73008475DC /* SportsListViewController.swift */,
			);
			path = SportsListScreen;
			sourceTree = "<group>";
		};
		84725EE527A47555008475DC /* FavouritesScreen */ = {
			isa = PBXGroup;
			children = (
				84600C8227A4800600640080 /* FavouriteLeaguesViewController.swift */,
			);
			path = FavouritesScreen;
			sourceTree = "<group>";
		};
		84725EE627A47570008475DC /* LeaguesListScreen */ = {
			isa = PBXGroup;
			children = (
				84600C7E27A47FBF00640080 /* LeaguesListViewController.swift */,
			);
			path = LeaguesListScreen;
			sourceTree = "<group>";
		};
		84725EE727A475BA008475DC /* LeagueDetailsScreen */ = {
			isa = PBXGroup;
			children = (
				84725EF027A47708008475DC /* LeagueDetailsViewController.swift */,
				84725EF227A4773B008475DC /* LeagueDetailsPresenter.swift */,
			);
			path = LeagueDetailsScreen;
			sourceTree = "<group>";
		};
		84725EE827A475CF008475DC /* TeamDetailsScreen */ = {
			isa = PBXGroup;
			children = (
				84600C8027A47FE400640080 /* TeamDetailsViewController.swift */,
			);
			path = TeamDetailsScreen;
			sourceTree = "<group>";
		};
		84725EE927A475E8008475DC /* Modules */ = {
			isa = PBXGroup;
			children = (
				84600C7B27A47F2000640080 /* TabbarController */,
				84725EE427A47541008475DC /* SportsListScreen */,
				84725EE627A47570008475DC /* LeaguesListScreen */,
				84725EE727A475BA008475DC /* LeagueDetailsScreen */,
				84725EE827A475CF008475DC /* TeamDetailsScreen */,
				84725EE527A47555008475DC /* FavouritesScreen */,
			);
			path = Modules;
			sourceTree = "<group>";
		};
		84725EEA27A47618008475DC /* Model */ = {
			isa = PBXGroup;
			children = (
				84725EEC27A47635008475DC /* DTO */,
				84725EEB27A47628008475DC /* ServicesModels */,
			);
			path = Model;
			sourceTree = "<group>";
		};
		84725EEB27A47628008475DC /* ServicesModels */ = {
			isa = PBXGroup;
			children = (
				84600C8627A486E500640080 /* GetAllSportsResponseModel.swift */,
			);
			path = ServicesModels;
			sourceTree = "<group>";
		};
		84725EEC27A47635008475DC /* DTO */ = {
			isa = PBXGroup;
			children = (
				84600C8427A486C400640080 /* LeagueDTO.swift */,
			);
			path = DTO;
			sourceTree = "<group>";
		};
		84725EED27A47666008475DC /* Utilities */ = {
			isa = PBXGroup;
			children = (
				84600C8C27A4887200640080 /* CoreDataManager */,
				84725EEF27A4768C008475DC /* NetworkManager */,
			);
			path = Utilities;
			sourceTree = "<group>";
		};
		84725EEF27A4768C008475DC /* NetworkManager */ = {
			isa = PBXGroup;
			children = (
				84600C8827A486F800640080 /* NetworkManager.swift */,
			);
			path = NetworkManager;
			sourceTree = "<group>";
		};
/* End PBXGroup section */

/* Begin PBXNativeTarget section */
		84725ECB27A42E73008475DC /* SportsApp */ = {
			isa = PBXNativeTarget;
			buildConfigurationList = 84725EE027A42E76008475DC /* Build configuration list for PBXNativeTarget "SportsApp" */;
			buildPhases = (
				84725EC827A42E73008475DC /* Sources */,
				84725EC927A42E73008475DC /* Frameworks */,
				84725ECA27A42E73008475DC /* Resources */,
			);
			buildRules = (
			);
			dependencies = (
			);
			name = SportsApp;
			productName = SportsApp;
			productReference = 84725ECC27A42E73008475DC /* SportsApp.app */;
			productType = "com.apple.product-type.application";
		};
/* End PBXNativeTarget section */

/* Begin PBXProject section */
		84725EC427A42E73008475DC /* Project object */ = {
			isa = PBXProject;
			attributes = {
				LastSwiftUpdateCheck = 1150;
				LastUpgradeCheck = 1150;
				ORGANIZATIONNAME = admin;
				TargetAttributes = {
					84725ECB27A42E73008475DC = {
						CreatedOnToolsVersion = 11.5;
					};
				};
			};
			buildConfigurationList = 84725EC727A42E73008475DC /* Build configuration list for PBXProject "SportsApp" */;
			compatibilityVersion = "Xcode 9.3";
			developmentRegion = en;
			hasScannedForEncodings = 0;
			knownRegions = (
				en,
				Base,
			);
			mainGroup = 84725EC327A42E73008475DC;
			productRefGroup = 84725ECD27A42E73008475DC /* Products */;
			projectDirPath = "";
			projectRoot = "";
			targets = (
				84725ECB27A42E73008475DC /* SportsApp */,
			);
		};
/* End PBXProject section */

/* Begin PBXResourcesBuildPhase section */
		84725ECA27A42E73008475DC /* Resources */ = {
			isa = PBXResourcesBuildPhase;
			buildActionMask = 2147483647;
			files = (
				84725EDC27A42E76008475DC /* LaunchScreen.storyboard in Resources */,
				84725ED927A42E76008475DC /* Assets.xcassets in Resources */,
				84725ED727A42E73008475DC /* Main.storyboard in Resources */,
				15E0C53627A46F2A0065E876 /* Details.storyboard in Resources */,
			);
			runOnlyForDeploymentPostprocessing = 0;
		};
/* End PBXResourcesBuildPhase section */

/* Begin PBXSourcesBuildPhase section */
		84725EC827A42E73008475DC /* Sources */ = {
			isa = PBXSourcesBuildPhase;
			buildActionMask = 2147483647;
			files = (
				84600C8927A486F800640080 /* NetworkManager.swift in Sources */,
				84725EF127A47708008475DC /* LeagueDetailsViewController.swift in Sources */,
				84725ED427A42E73008475DC /* SportsListViewController.swift in Sources */,
				84600C8727A486E500640080 /* GetAllSportsResponseModel.swift in Sources */,
				84725EF327A4773B008475DC /* LeagueDetailsPresenter.swift in Sources */,
				84725ED027A42E73008475DC /* AppDelegate.swift in Sources */,
				84600C8327A4800600640080 /* FavouriteLeaguesViewController.swift in Sources */,
				84600C8E27A4888700640080 /* CoreDataManager.swift in Sources */,
				84600C7D27A47F5B00640080 /* TabBarViewController.swift in Sources */,
				84600C7F27A47FBF00640080 /* LeaguesListViewController.swift in Sources */,
				84600C8127A47FE400640080 /* TeamDetailsViewController.swift in Sources */,
				84600C8527A486C400640080 /* LeagueDTO.swift in Sources */,
				84725ED227A42E73008475DC /* SceneDelegate.swift in Sources */,
			);
			runOnlyForDeploymentPostprocessing = 0;
		};
/* End PBXSourcesBuildPhase section */

/* Begin PBXVariantGroup section */
		84725ED527A42E73008475DC /* Main.storyboard */ = {
			isa = PBXVariantGroup;
			children = (
				84725ED627A42E73008475DC /* Base */,
			);
			name = Main.storyboard;
			sourceTree = "<group>";
		};
		84725EDA27A42E76008475DC /* LaunchScreen.storyboard */ = {
			isa = PBXVariantGroup;
			children = (
				84725EDB27A42E76008475DC /* Base */,
			);
			name = LaunchScreen.storyboard;
			sourceTree = "<group>";
		};
/* End PBXVariantGroup section */

/* Begin XCBuildConfiguration section */
		84725EDE27A42E76008475DC /* Debug */ = {
			isa = XCBuildConfiguration;
			buildSettings = {
				ALWAYS_SEARCH_USER_PATHS = NO;
				CLANG_ANALYZER_NONNULL = YES;
				CLANG_ANALYZER_NUMBER_OBJECT_CONVERSION = YES_AGGRESSIVE;
				CLANG_CXX_LANGUAGE_STANDARD = "gnu++14";
				CLANG_CXX_LIBRARY = "libc++";
				CLANG_ENABLE_MODULES = YES;
				CLANG_ENABLE_OBJC_ARC = YES;
				CLANG_ENABLE_OBJC_WEAK = YES;
				CLANG_WARN_BLOCK_CAPTURE_AUTORELEASING = YES;
				CLANG_WARN_BOOL_CONVERSION = YES;
				CLANG_WARN_COMMA = YES;
				CLANG_WARN_CONSTANT_CONVERSION = YES;
				CLANG_WARN_DEPRECATED_OBJC_IMPLEMENTATIONS = YES;
				CLANG_WARN_DIRECT_OBJC_ISA_USAGE = YES_ERROR;
				CLANG_WARN_DOCUMENTATION_COMMENTS = YES;
				CLANG_WARN_EMPTY_BODY = YES;
				CLANG_WARN_ENUM_CONVERSION = YES;
				CLANG_WARN_INFINITE_RECURSION = YES;
				CLANG_WARN_INT_CONVERSION = YES;
				CLANG_WARN_NON_LITERAL_NULL_CONVERSION = YES;
				CLANG_WARN_OBJC_IMPLICIT_RETAIN_SELF = YES;
				CLANG_WARN_OBJC_LITERAL_CONVERSION = YES;
				CLANG_WARN_OBJC_ROOT_CLASS = YES_ERROR;
				CLANG_WARN_RANGE_LOOP_ANALYSIS = YES;
				CLANG_WARN_STRICT_PROTOTYPES = YES;
				CLANG_WARN_SUSPICIOUS_MOVE = YES;
				CLANG_WARN_UNGUARDED_AVAILABILITY = YES_AGGRESSIVE;
				CLANG_WARN_UNREACHABLE_CODE = YES;
				CLANG_WARN__DUPLICATE_METHOD_MATCH = YES;
				COPY_PHASE_STRIP = NO;
				DEBUG_INFORMATION_FORMAT = dwarf;
				ENABLE_STRICT_OBJC_MSGSEND = YES;
				ENABLE_TESTABILITY = YES;
				GCC_C_LANGUAGE_STANDARD = gnu11;
				GCC_DYNAMIC_NO_PIC = NO;
				GCC_NO_COMMON_BLOCKS = YES;
				GCC_OPTIMIZATION_LEVEL = 0;
				GCC_PREPROCESSOR_DEFINITIONS = (
					"DEBUG=1",
					"$(inherited)",
				);
				GCC_WARN_64_TO_32_BIT_CONVERSION = YES;
				GCC_WARN_ABOUT_RETURN_TYPE = YES_ERROR;
				GCC_WARN_UNDECLARED_SELECTOR = YES;
				GCC_WARN_UNINITIALIZED_AUTOS = YES_AGGRESSIVE;
				GCC_WARN_UNUSED_FUNCTION = YES;
				GCC_WARN_UNUSED_VARIABLE = YES;
				IPHONEOS_DEPLOYMENT_TARGET = 13.5;
				MTL_ENABLE_DEBUG_INFO = INCLUDE_SOURCE;
				MTL_FAST_MATH = YES;
				ONLY_ACTIVE_ARCH = YES;
				SDKROOT = iphoneos;
				SWIFT_ACTIVE_COMPILATION_CONDITIONS = DEBUG;
				SWIFT_OPTIMIZATION_LEVEL = "-Onone";
			};
			name = Debug;
		};
		84725EDF27A42E76008475DC /* Release */ = {
			isa = XCBuildConfiguration;
			buildSettings = {
				ALWAYS_SEARCH_USER_PATHS = NO;
				CLANG_ANALYZER_NONNULL = YES;
				CLANG_ANALYZER_NUMBER_OBJECT_CONVERSION = YES_AGGRESSIVE;
				CLANG_CXX_LANGUAGE_STANDARD = "gnu++14";
				CLANG_CXX_LIBRARY = "libc++";
				CLANG_ENABLE_MODULES = YES;
				CLANG_ENABLE_OBJC_ARC = YES;
				CLANG_ENABLE_OBJC_WEAK = YES;
				CLANG_WARN_BLOCK_CAPTURE_AUTORELEASING = YES;
				CLANG_WARN_BOOL_CONVERSION = YES;
				CLANG_WARN_COMMA = YES;
				CLANG_WARN_CONSTANT_CONVERSION = YES;
				CLANG_WARN_DEPRECATED_OBJC_IMPLEMENTATIONS = YES;
				CLANG_WARN_DIRECT_OBJC_ISA_USAGE = YES_ERROR;
				CLANG_WARN_DOCUMENTATION_COMMENTS = YES;
				CLANG_WARN_EMPTY_BODY = YES;
				CLANG_WARN_ENUM_CONVERSION = YES;
				CLANG_WARN_INFINITE_RECURSION = YES;
				CLANG_WARN_INT_CONVERSION = YES;
				CLANG_WARN_NON_LITERAL_NULL_CONVERSION = YES;
				CLANG_WARN_OBJC_IMPLICIT_RETAIN_SELF = YES;
				CLANG_WARN_OBJC_LITERAL_CONVERSION = YES;
				CLANG_WARN_OBJC_ROOT_CLASS = YES_ERROR;
				CLANG_WARN_RANGE_LOOP_ANALYSIS = YES;
				CLANG_WARN_STRICT_PROTOTYPES = YES;
				CLANG_WARN_SUSPICIOUS_MOVE = YES;
				CLANG_WARN_UNGUARDED_AVAILABILITY = YES_AGGRESSIVE;
				CLANG_WARN_UNREACHABLE_CODE = YES;
				CLANG_WARN__DUPLICATE_METHOD_MATCH = YES;
				COPY_PHASE_STRIP = NO;
				DEBUG_INFORMATION_FORMAT = "dwarf-with-dsym";
				ENABLE_NS_ASSERTIONS = NO;
				ENABLE_STRICT_OBJC_MSGSEND = YES;
				GCC_C_LANGUAGE_STANDARD = gnu11;
				GCC_NO_COMMON_BLOCKS = YES;
				GCC_WARN_64_TO_32_BIT_CONVERSION = YES;
				GCC_WARN_ABOUT_RETURN_TYPE = YES_ERROR;
				GCC_WARN_UNDECLARED_SELECTOR = YES;
				GCC_WARN_UNINITIALIZED_AUTOS = YES_AGGRESSIVE;
				GCC_WARN_UNUSED_FUNCTION = YES;
				GCC_WARN_UNUSED_VARIABLE = YES;
				IPHONEOS_DEPLOYMENT_TARGET = 13.5;
				MTL_ENABLE_DEBUG_INFO = NO;
				MTL_FAST_MATH = YES;
				SDKROOT = iphoneos;
				SWIFT_COMPILATION_MODE = wholemodule;
				SWIFT_OPTIMIZATION_LEVEL = "-O";
				VALIDATE_PRODUCT = YES;
			};
			name = Release;
		};
		84725EE127A42E76008475DC /* Debug */ = {
			isa = XCBuildConfiguration;
			buildSettings = {
				ASSETCATALOG_COMPILER_APPICON_NAME = AppIcon;
				CODE_SIGN_STYLE = Automatic;
				DEVELOPMENT_TEAM = Q978G5G4S8;
				INFOPLIST_FILE = SportsApp/Info.plist;
				LD_RUNPATH_SEARCH_PATHS = (
					"$(inherited)",
					"@executable_path/Frameworks",
				);
				PRODUCT_BUNDLE_IDENTIFIER = com.sameh.SportsApp;
				PRODUCT_NAME = "$(TARGET_NAME)";
				SWIFT_VERSION = 5.0;
				TARGETED_DEVICE_FAMILY = "1,2";
			};
			name = Debug;
		};
		84725EE227A42E76008475DC /* Release */ = {
			isa = XCBuildConfiguration;
			buildSettings = {
				ASSETCATALOG_COMPILER_APPICON_NAME = AppIcon;
				CODE_SIGN_STYLE = Automatic;
				DEVELOPMENT_TEAM = Q978G5G4S8;
				INFOPLIST_FILE = SportsApp/Info.plist;
				LD_RUNPATH_SEARCH_PATHS = (
					"$(inherited)",
					"@executable_path/Frameworks",
				);
				PRODUCT_BUNDLE_IDENTIFIER = com.sameh.SportsApp;
				PRODUCT_NAME = "$(TARGET_NAME)";
				SWIFT_VERSION = 5.0;
				TARGETED_DEVICE_FAMILY = "1,2";
			};
			name = Release;
		};
/* End XCBuildConfiguration section */

/* Begin XCConfigurationList section */
		84725EC727A42E73008475DC /* Build configuration list for PBXProject "SportsApp" */ = {
			isa = XCConfigurationList;
			buildConfigurations = (
				84725EDE27A42E76008475DC /* Debug */,
				84725EDF27A42E76008475DC /* Release */,
			);
			defaultConfigurationIsVisible = 0;
			defaultConfigurationName = Release;
		};
		84725EE027A42E76008475DC /* Build configuration list for PBXNativeTarget "SportsApp" */ = {
			isa = XCConfigurationList;
			buildConfigurations = (
				84725EE127A42E76008475DC /* Debug */,
				84725EE227A42E76008475DC /* Release */,
			);
			defaultConfigurationIsVisible = 0;
			defaultConfigurationName = Release;
		};
/* End XCConfigurationList section */
	};
	rootObject = 84725EC427A42E73008475DC /* Project object */;
}
