// !$*UTF8*$!
{
	archiveVersion = 1;
	classes = {
	};
	objectVersion = 51;
	objects = {

/* Begin PBXBuildFile section */
		15E0C53627A46F2A0065E876 /* Details.storyboard in Resources */ = {isa = PBXBuildFile; fileRef = 15E0C53527A46F2A0065E876 /* Details.storyboard */; };
		15FFB6A227AEF30900DC0FC0 /* LeagueDetailsViewProtocol.swift in Sources */ = {isa = PBXBuildFile; fileRef = 15FFB6A127AEF30900DC0FC0 /* LeagueDetailsViewProtocol.swift */; };
		15FFB6A527AEF3A000DC0FC0 /* LeagueDetailsPresenterProtocol.swift in Sources */ = {isa = PBXBuildFile; fileRef = 15FFB6A427AEF3A000DC0FC0 /* LeagueDetailsPresenterProtocol.swift */; };
		15FFB6A927AEFB3C00DC0FC0 /* TeamDetailsPresenter.swift in Sources */ = {isa = PBXBuildFile; fileRef = 15FFB6A827AEFB3C00DC0FC0 /* TeamDetailsPresenter.swift */; };
		590711A527A71E3F0061E6F6 /* LeaguesTableViewCell.swift in Sources */ = {isa = PBXBuildFile; fileRef = 590711A327A71E3F0061E6F6 /* LeaguesTableViewCell.swift */; };
		590711A627A71E3F0061E6F6 /* LeaguesTableViewCell.xib in Resources */ = {isa = PBXBuildFile; fileRef = 590711A427A71E3F0061E6F6 /* LeaguesTableViewCell.xib */; };
		590711A927A7326C0061E6F6 /* UIImageView.swift in Sources */ = {isa = PBXBuildFile; fileRef = 590711A827A7326C0061E6F6 /* UIImageView.swift */; };
		599E696C27AC0C31009F2722 /* GetAllUpComingEventsResponseModel.swift in Sources */ = {isa = PBXBuildFile; fileRef = 599E696B27AC0C31009F2722 /* GetAllUpComingEventsResponseModel.swift */; };
		599E696E27AC0C82009F2722 /* EventModel.swift in Sources */ = {isa = PBXBuildFile; fileRef = 599E696D27AC0C82009F2722 /* EventModel.swift */; };
		599E697027AC0EE2009F2722 /* GetAllLatestEventsResponseModel.swift in Sources */ = {isa = PBXBuildFile; fileRef = 599E696F27AC0EE1009F2722 /* GetAllLatestEventsResponseModel.swift */; };
		599E697227AFED7E009F2722 /* NetworkReachability.swift in Sources */ = {isa = PBXBuildFile; fileRef = 599E697127AFED7E009F2722 /* NetworkReachability.swift */; };
		599E697527AFF2B9009F2722 /* NoInternetConnectionViewController.swift in Sources */ = {isa = PBXBuildFile; fileRef = 599E697427AFF2B9009F2722 /* NoInternetConnectionViewController.swift */; };
		59C89E8E27AADB9B00D33884 /* LeaguesListViewPresenter.swift in Sources */ = {isa = PBXBuildFile; fileRef = 59C89E8D27AADB9B00D33884 /* LeaguesListViewPresenter.swift */; };
		59C89E9027ABE27600D33884 /* SportsListPresenter.swift in Sources */ = {isa = PBXBuildFile; fileRef = 59C89E8F27ABE27600D33884 /* SportsListPresenter.swift */; };
		59C89E9227ABF6C800D33884 /* GetAllTeamsResponseModel.swift in Sources */ = {isa = PBXBuildFile; fileRef = 59C89E9127ABF6C800D33884 /* GetAllTeamsResponseModel.swift */; };
		59C89E9427ABF70300D33884 /* TeamModel.swift in Sources */ = {isa = PBXBuildFile; fileRef = 59C89E9327ABF70300D33884 /* TeamModel.swift */; };
		840F2B3427A7464D00D56A18 /* SportsCollectionViewCell.swift in Sources */ = {isa = PBXBuildFile; fileRef = 840F2B3227A7464D00D56A18 /* SportsCollectionViewCell.swift */; };
		840F2B3527A7464D00D56A18 /* SportsCollectionViewCell.xib in Resources */ = {isa = PBXBuildFile; fileRef = 840F2B3327A7464D00D56A18 /* SportsCollectionViewCell.xib */; };
		8427082827B00DB4006CDEE1 /* CollectionHeaderView.xib in Resources */ = {isa = PBXBuildFile; fileRef = 8427082727B00DB4006CDEE1 /* CollectionHeaderView.xib */; };
		8427082A27B00DCE006CDEE1 /* CollectionHeaderView.swift in Sources */ = {isa = PBXBuildFile; fileRef = 8427082927B00DCE006CDEE1 /* CollectionHeaderView.swift */; };
		84600C7D27A47F5B00640080 /* TabBarViewController.swift in Sources */ = {isa = PBXBuildFile; fileRef = 84600C7C27A47F5B00640080 /* TabBarViewController.swift */; };
		84600C7F27A47FBF00640080 /* LeaguesListViewController.swift in Sources */ = {isa = PBXBuildFile; fileRef = 84600C7E27A47FBF00640080 /* LeaguesListViewController.swift */; };
		84600C8127A47FE400640080 /* TeamDetailsViewController.swift in Sources */ = {isa = PBXBuildFile; fileRef = 84600C8027A47FE400640080 /* TeamDetailsViewController.swift */; };
		84600C8327A4800600640080 /* FavouriteLeaguesViewController.swift in Sources */ = {isa = PBXBuildFile; fileRef = 84600C8227A4800600640080 /* FavouriteLeaguesViewController.swift */; };
		84600C8527A486C400640080 /* LeagueModel.swift in Sources */ = {isa = PBXBuildFile; fileRef = 84600C8427A486C400640080 /* LeagueModel.swift */; };
		84600C8727A486E500640080 /* GetAllSportsResponseModel.swift in Sources */ = {isa = PBXBuildFile; fileRef = 84600C8627A486E500640080 /* GetAllSportsResponseModel.swift */; };
		84600C8927A486F800640080 /* NetworkManager.swift in Sources */ = {isa = PBXBuildFile; fileRef = 84600C8827A486F800640080 /* NetworkManager.swift */; };
		84600C8E27A4888700640080 /* CoreDataManager.swift in Sources */ = {isa = PBXBuildFile; fileRef = 84600C8D27A4888700640080 /* CoreDataManager.swift */; };
		84725ED027A42E73008475DC /* AppDelegate.swift in Sources */ = {isa = PBXBuildFile; fileRef = 84725ECF27A42E73008475DC /* AppDelegate.swift */; };
		84725ED227A42E73008475DC /* SceneDelegate.swift in Sources */ = {isa = PBXBuildFile; fileRef = 84725ED127A42E73008475DC /* SceneDelegate.swift */; };
		84725ED427A42E73008475DC /* SportsListViewController.swift in Sources */ = {isa = PBXBuildFile; fileRef = 84725ED327A42E73008475DC /* SportsListViewController.swift */; };
		84725ED727A42E73008475DC /* Main.storyboard in Resources */ = {isa = PBXBuildFile; fileRef = 84725ED527A42E73008475DC /* Main.storyboard */; };
		84725ED927A42E76008475DC /* Assets.xcassets in Resources */ = {isa = PBXBuildFile; fileRef = 84725ED827A42E76008475DC /* Assets.xcassets */; };
		84725EDC27A42E76008475DC /* LaunchScreen.storyboard in Resources */ = {isa = PBXBuildFile; fileRef = 84725EDA27A42E76008475DC /* LaunchScreen.storyboard */; };
		84725EF127A47708008475DC /* LeagueDetailsViewController.swift in Sources */ = {isa = PBXBuildFile; fileRef = 84725EF027A47708008475DC /* LeagueDetailsViewController.swift */; };
		84725EF327A4773B008475DC /* LeagueDetailsPresenter.swift in Sources */ = {isa = PBXBuildFile; fileRef = 84725EF227A4773B008475DC /* LeagueDetailsPresenter.swift */; };
		8483F2AC27AF066500ADEAFF /* TeamDetailsPresenterProtocol.swift in Sources */ = {isa = PBXBuildFile; fileRef = 8483F2AB27AF066500ADEAFF /* TeamDetailsPresenterProtocol.swift */; };
		8483F2AE27AF06A300ADEAFF /* TeamDetailsViewControllerProtocol.swift in Sources */ = {isa = PBXBuildFile; fileRef = 8483F2AD27AF06A300ADEAFF /* TeamDetailsViewControllerProtocol.swift */; };
		849C943327AF235700DC4302 /* FavouriteLeaguesPresenter.swift in Sources */ = {isa = PBXBuildFile; fileRef = 849C943227AF235700DC4302 /* FavouriteLeaguesPresenter.swift */; };
		849C943627AF237A00DC4302 /* FavouritePresenterProtocol.swift in Sources */ = {isa = PBXBuildFile; fileRef = 849C943527AF237900DC4302 /* FavouritePresenterProtocol.swift */; };
		849C943927AF254900DC4302 /* FavouriteLeaguesControllerProtocol.swift in Sources */ = {isa = PBXBuildFile; fileRef = 849C943827AF254900DC4302 /* FavouriteLeaguesControllerProtocol.swift */; };
		849F492C27A6B58D00C0321F /* LatestEventTableViewCell.swift in Sources */ = {isa = PBXBuildFile; fileRef = 849F492A27A6B58D00C0321F /* LatestEventTableViewCell.swift */; };
		849F492D27A6B58D00C0321F /* LatestEventTableViewCell.xib in Resources */ = {isa = PBXBuildFile; fileRef = 849F492B27A6B58D00C0321F /* LatestEventTableViewCell.xib */; };
		849F493127A6B5BD00C0321F /* TeamCollectionViewCell.xib in Resources */ = {isa = PBXBuildFile; fileRef = 849F492F27A6B5BD00C0321F /* TeamCollectionViewCell.xib */; };
		849F493227A6B5BD00C0321F /* TeamCollectionViewCell.swift in Sources */ = {isa = PBXBuildFile; fileRef = 849F493027A6B5BD00C0321F /* TeamCollectionViewCell.swift */; };
		849F493627A6B60700C0321F /* UpcomingEventCollectionViewCell.swift in Sources */ = {isa = PBXBuildFile; fileRef = 849F493427A6B60700C0321F /* UpcomingEventCollectionViewCell.swift */; };
		849F493727A6B60700C0321F /* UpcomingEventCollectionViewCell.xib in Resources */ = {isa = PBXBuildFile; fileRef = 849F493527A6B60700C0321F /* UpcomingEventCollectionViewCell.xib */; };
		849F493A27A6B6F400C0321F /* SelfSizedTableView.swift in Sources */ = {isa = PBXBuildFile; fileRef = 849F493927A6B6F400C0321F /* SelfSizedTableView.swift */; };
		84BEA4B127A7860E006843A2 /* UIView.swift in Sources */ = {isa = PBXBuildFile; fileRef = 84BEA4B027A7860E006843A2 /* UIView.swift */; };
		84E4387927AF165B001ACF64 /* FavouriteLeagueModel.xcdatamodeld in Sources */ = {isa = PBXBuildFile; fileRef = 84E4387727AF165B001ACF64 /* FavouriteLeagueModel.xcdatamodeld */; };
		84FA6D7027A8795A0060ED0C /* Storyboards.swift in Sources */ = {isa = PBXBuildFile; fileRef = 84FA6D6F27A8795A0060ED0C /* Storyboards.swift */; };
		84FA6D7427A87BC30060ED0C /* BaseViewController.swift in Sources */ = {isa = PBXBuildFile; fileRef = 84FA6D7327A87BC30060ED0C /* BaseViewController.swift */; };
		84FA6D7627A87F310060ED0C /* SportModel.swift in Sources */ = {isa = PBXBuildFile; fileRef = 84FA6D7527A87F310060ED0C /* SportModel.swift */; };
		84FA6D7A27A881F20060ED0C /* EndPoint.swift in Sources */ = {isa = PBXBuildFile; fileRef = 84FA6D7927A881F20060ED0C /* EndPoint.swift */; };
		84FA6D7C27A884CB0060ED0C /* Errors.swift in Sources */ = {isa = PBXBuildFile; fileRef = 84FA6D7B27A884CB0060ED0C /* Errors.swift */; };
		84FA6D7E27A8C5220060ED0C /* GetAllLeaguesResponseModel.swift in Sources */ = {isa = PBXBuildFile; fileRef = 84FA6D7D27A8C5220060ED0C /* GetAllLeaguesResponseModel.swift */; };
		E727B3A1C6018E0F453A6B7E /* Pods_SportsApp.framework in Frameworks */ = {isa = PBXBuildFile; fileRef = DD8EB6BA714F66A926BD0A44 /* Pods_SportsApp.framework */; };
/* End PBXBuildFile section */

/* Begin PBXFileReference section */
		15E0C53527A46F2A0065E876 /* Details.storyboard */ = {isa = PBXFileReference; lastKnownFileType = file.storyboard; path = Details.storyboard; sourceTree = "<group>"; };
		15FFB6A127AEF30900DC0FC0 /* LeagueDetailsViewProtocol.swift */ = {isa = PBXFileReference; lastKnownFileType = sourcecode.swift; path = LeagueDetailsViewProtocol.swift; sourceTree = "<group>"; };
		15FFB6A427AEF3A000DC0FC0 /* LeagueDetailsPresenterProtocol.swift */ = {isa = PBXFileReference; lastKnownFileType = sourcecode.swift; path = LeagueDetailsPresenterProtocol.swift; sourceTree = "<group>"; };
		15FFB6A827AEFB3C00DC0FC0 /* TeamDetailsPresenter.swift */ = {isa = PBXFileReference; lastKnownFileType = sourcecode.swift; path = TeamDetailsPresenter.swift; sourceTree = "<group>"; };
		590711A327A71E3F0061E6F6 /* LeaguesTableViewCell.swift */ = {isa = PBXFileReference; lastKnownFileType = sourcecode.swift; path = LeaguesTableViewCell.swift; sourceTree = "<group>"; };
		590711A427A71E3F0061E6F6 /* LeaguesTableViewCell.xib */ = {isa = PBXFileReference; lastKnownFileType = file.xib; path = LeaguesTableViewCell.xib; sourceTree = "<group>"; };
		590711A827A7326C0061E6F6 /* UIImageView.swift */ = {isa = PBXFileReference; lastKnownFileType = sourcecode.swift; path = UIImageView.swift; sourceTree = "<group>"; };
		599E696B27AC0C31009F2722 /* GetAllUpComingEventsResponseModel.swift */ = {isa = PBXFileReference; lastKnownFileType = sourcecode.swift; path = GetAllUpComingEventsResponseModel.swift; sourceTree = "<group>"; };
		599E696D27AC0C82009F2722 /* EventModel.swift */ = {isa = PBXFileReference; lastKnownFileType = sourcecode.swift; path = EventModel.swift; sourceTree = "<group>"; };
		599E696F27AC0EE1009F2722 /* GetAllLatestEventsResponseModel.swift */ = {isa = PBXFileReference; lastKnownFileType = sourcecode.swift; path = GetAllLatestEventsResponseModel.swift; sourceTree = "<group>"; };
		599E697127AFED7E009F2722 /* NetworkReachability.swift */ = {isa = PBXFileReference; lastKnownFileType = sourcecode.swift; path = NetworkReachability.swift; sourceTree = "<group>"; };
		599E697427AFF2B9009F2722 /* NoInternetConnectionViewController.swift */ = {isa = PBXFileReference; lastKnownFileType = sourcecode.swift; path = NoInternetConnectionViewController.swift; sourceTree = "<group>"; };
		59C89E8D27AADB9B00D33884 /* LeaguesListViewPresenter.swift */ = {isa = PBXFileReference; lastKnownFileType = sourcecode.swift; path = LeaguesListViewPresenter.swift; sourceTree = "<group>"; };
		59C89E8F27ABE27600D33884 /* SportsListPresenter.swift */ = {isa = PBXFileReference; lastKnownFileType = sourcecode.swift; path = SportsListPresenter.swift; sourceTree = "<group>"; };
		59C89E9127ABF6C800D33884 /* GetAllTeamsResponseModel.swift */ = {isa = PBXFileReference; lastKnownFileType = sourcecode.swift; path = GetAllTeamsResponseModel.swift; sourceTree = "<group>"; };
		59C89E9327ABF70300D33884 /* TeamModel.swift */ = {isa = PBXFileReference; lastKnownFileType = sourcecode.swift; path = TeamModel.swift; sourceTree = "<group>"; };
		840F2B3227A7464D00D56A18 /* SportsCollectionViewCell.swift */ = {isa = PBXFileReference; fileEncoding = 4; lastKnownFileType = sourcecode.swift; path = SportsCollectionViewCell.swift; sourceTree = "<group>"; };
		840F2B3327A7464D00D56A18 /* SportsCollectionViewCell.xib */ = {isa = PBXFileReference; fileEncoding = 4; lastKnownFileType = file.xib; path = SportsCollectionViewCell.xib; sourceTree = "<group>"; };
		8427082727B00DB4006CDEE1 /* CollectionHeaderView.xib */ = {isa = PBXFileReference; lastKnownFileType = file.xib; path = CollectionHeaderView.xib; sourceTree = "<group>"; };
		8427082927B00DCE006CDEE1 /* CollectionHeaderView.swift */ = {isa = PBXFileReference; lastKnownFileType = sourcecode.swift; path = CollectionHeaderView.swift; sourceTree = "<group>"; };
		84600C7C27A47F5B00640080 /* TabBarViewController.swift */ = {isa = PBXFileReference; lastKnownFileType = sourcecode.swift; path = TabBarViewController.swift; sourceTree = "<group>"; };
		84600C7E27A47FBF00640080 /* LeaguesListViewController.swift */ = {isa = PBXFileReference; lastKnownFileType = sourcecode.swift; path = LeaguesListViewController.swift; sourceTree = "<group>"; };
		84600C8027A47FE400640080 /* TeamDetailsViewController.swift */ = {isa = PBXFileReference; lastKnownFileType = sourcecode.swift; path = TeamDetailsViewController.swift; sourceTree = "<group>"; };
		84600C8227A4800600640080 /* FavouriteLeaguesViewController.swift */ = {isa = PBXFileReference; lastKnownFileType = sourcecode.swift; path = FavouriteLeaguesViewController.swift; sourceTree = "<group>"; };
		84600C8427A486C400640080 /* LeagueModel.swift */ = {isa = PBXFileReference; lastKnownFileType = sourcecode.swift; path = LeagueModel.swift; sourceTree = "<group>"; };
		84600C8627A486E500640080 /* GetAllSportsResponseModel.swift */ = {isa = PBXFileReference; lastKnownFileType = sourcecode.swift; path = GetAllSportsResponseModel.swift; sourceTree = "<group>"; };
		84600C8827A486F800640080 /* NetworkManager.swift */ = {isa = PBXFileReference; lastKnownFileType = sourcecode.swift; path = NetworkManager.swift; sourceTree = "<group>"; };
		84600C8D27A4888700640080 /* CoreDataManager.swift */ = {isa = PBXFileReference; lastKnownFileType = sourcecode.swift; path = CoreDataManager.swift; sourceTree = "<group>"; };
		84725ECC27A42E73008475DC /* SportsApp.app */ = {isa = PBXFileReference; explicitFileType = wrapper.application; includeInIndex = 0; path = SportsApp.app; sourceTree = BUILT_PRODUCTS_DIR; };
		84725ECF27A42E73008475DC /* AppDelegate.swift */ = {isa = PBXFileReference; lastKnownFileType = sourcecode.swift; path = AppDelegate.swift; sourceTree = "<group>"; };
		84725ED127A42E73008475DC /* SceneDelegate.swift */ = {isa = PBXFileReference; lastKnownFileType = sourcecode.swift; path = SceneDelegate.swift; sourceTree = "<group>"; };
		84725ED327A42E73008475DC /* SportsListViewController.swift */ = {isa = PBXFileReference; lastKnownFileType = sourcecode.swift; path = SportsListViewController.swift; sourceTree = "<group>"; };
		84725ED627A42E73008475DC /* Base */ = {isa = PBXFileReference; lastKnownFileType = file.storyboard; name = Base; path = Base.lproj/Main.storyboard; sourceTree = "<group>"; };
		84725ED827A42E76008475DC /* Assets.xcassets */ = {isa = PBXFileReference; lastKnownFileType = folder.assetcatalog; path = Assets.xcassets; sourceTree = "<group>"; };
		84725EDB27A42E76008475DC /* Base */ = {isa = PBXFileReference; lastKnownFileType = file.storyboard; name = Base; path = Base.lproj/LaunchScreen.storyboard; sourceTree = "<group>"; };
		84725EDD27A42E76008475DC /* Info.plist */ = {isa = PBXFileReference; lastKnownFileType = text.plist.xml; path = Info.plist; sourceTree = "<group>"; };
		84725EF027A47708008475DC /* LeagueDetailsViewController.swift */ = {isa = PBXFileReference; lastKnownFileType = sourcecode.swift; path = LeagueDetailsViewController.swift; sourceTree = "<group>"; };
		84725EF227A4773B008475DC /* LeagueDetailsPresenter.swift */ = {isa = PBXFileReference; lastKnownFileType = sourcecode.swift; path = LeagueDetailsPresenter.swift; sourceTree = "<group>"; };
		8483F2AB27AF066500ADEAFF /* TeamDetailsPresenterProtocol.swift */ = {isa = PBXFileReference; lastKnownFileType = sourcecode.swift; path = TeamDetailsPresenterProtocol.swift; sourceTree = "<group>"; };
		8483F2AD27AF06A300ADEAFF /* TeamDetailsViewControllerProtocol.swift */ = {isa = PBXFileReference; lastKnownFileType = sourcecode.swift; path = TeamDetailsViewControllerProtocol.swift; sourceTree = "<group>"; };
		849C943227AF235700DC4302 /* FavouriteLeaguesPresenter.swift */ = {isa = PBXFileReference; lastKnownFileType = sourcecode.swift; path = FavouriteLeaguesPresenter.swift; sourceTree = "<group>"; };
		849C943527AF237900DC4302 /* FavouritePresenterProtocol.swift */ = {isa = PBXFileReference; lastKnownFileType = sourcecode.swift; path = FavouritePresenterProtocol.swift; sourceTree = "<group>"; };
		849C943827AF254900DC4302 /* FavouriteLeaguesControllerProtocol.swift */ = {isa = PBXFileReference; lastKnownFileType = sourcecode.swift; path = FavouriteLeaguesControllerProtocol.swift; sourceTree = "<group>"; };
		849F492A27A6B58D00C0321F /* LatestEventTableViewCell.swift */ = {isa = PBXFileReference; fileEncoding = 4; lastKnownFileType = sourcecode.swift; path = LatestEventTableViewCell.swift; sourceTree = "<group>"; };
		849F492B27A6B58D00C0321F /* LatestEventTableViewCell.xib */ = {isa = PBXFileReference; fileEncoding = 4; lastKnownFileType = file.xib; path = LatestEventTableViewCell.xib; sourceTree = "<group>"; };
		849F492F27A6B5BD00C0321F /* TeamCollectionViewCell.xib */ = {isa = PBXFileReference; fileEncoding = 4; lastKnownFileType = file.xib; path = TeamCollectionViewCell.xib; sourceTree = "<group>"; };
		849F493027A6B5BD00C0321F /* TeamCollectionViewCell.swift */ = {isa = PBXFileReference; fileEncoding = 4; lastKnownFileType = sourcecode.swift; path = TeamCollectionViewCell.swift; sourceTree = "<group>"; };
		849F493427A6B60700C0321F /* UpcomingEventCollectionViewCell.swift */ = {isa = PBXFileReference; fileEncoding = 4; lastKnownFileType = sourcecode.swift; path = UpcomingEventCollectionViewCell.swift; sourceTree = "<group>"; };
		849F493527A6B60700C0321F /* UpcomingEventCollectionViewCell.xib */ = {isa = PBXFileReference; fileEncoding = 4; lastKnownFileType = file.xib; path = UpcomingEventCollectionViewCell.xib; sourceTree = "<group>"; };
		849F493927A6B6F400C0321F /* SelfSizedTableView.swift */ = {isa = PBXFileReference; fileEncoding = 4; lastKnownFileType = sourcecode.swift; path = SelfSizedTableView.swift; sourceTree = "<group>"; };
		84BEA4B027A7860E006843A2 /* UIView.swift */ = {isa = PBXFileReference; lastKnownFileType = sourcecode.swift; path = UIView.swift; sourceTree = "<group>"; };
		84E4387827AF165B001ACF64 /* FavoriteLeagueModel.xcdatamodel */ = {isa = PBXFileReference; lastKnownFileType = wrapper.xcdatamodel; path = FavoriteLeagueModel.xcdatamodel; sourceTree = "<group>"; };
		84FA6D6F27A8795A0060ED0C /* Storyboards.swift */ = {isa = PBXFileReference; lastKnownFileType = sourcecode.swift; path = Storyboards.swift; sourceTree = "<group>"; };
		84FA6D7327A87BC30060ED0C /* BaseViewController.swift */ = {isa = PBXFileReference; lastKnownFileType = sourcecode.swift; path = BaseViewController.swift; sourceTree = "<group>"; };
		84FA6D7527A87F310060ED0C /* SportModel.swift */ = {isa = PBXFileReference; lastKnownFileType = sourcecode.swift; path = SportModel.swift; sourceTree = "<group>"; };
		84FA6D7927A881F20060ED0C /* EndPoint.swift */ = {isa = PBXFileReference; lastKnownFileType = sourcecode.swift; path = EndPoint.swift; sourceTree = "<group>"; };
		84FA6D7B27A884CB0060ED0C /* Errors.swift */ = {isa = PBXFileReference; lastKnownFileType = sourcecode.swift; path = Errors.swift; sourceTree = "<group>"; };
		84FA6D7D27A8C5220060ED0C /* GetAllLeaguesResponseModel.swift */ = {isa = PBXFileReference; lastKnownFileType = sourcecode.swift; path = GetAllLeaguesResponseModel.swift; sourceTree = "<group>"; };
		88959A02A5A561A17E9DA997 /* Pods-SportsApp.release.xcconfig */ = {isa = PBXFileReference; includeInIndex = 1; lastKnownFileType = text.xcconfig; name = "Pods-SportsApp.release.xcconfig"; path = "Target Support Files/Pods-SportsApp/Pods-SportsApp.release.xcconfig"; sourceTree = "<group>"; };
		AD8718EFE8124625EE68C34D /* Pods-SportsApp.debug.xcconfig */ = {isa = PBXFileReference; includeInIndex = 1; lastKnownFileType = text.xcconfig; name = "Pods-SportsApp.debug.xcconfig"; path = "Target Support Files/Pods-SportsApp/Pods-SportsApp.debug.xcconfig"; sourceTree = "<group>"; };
		DD8EB6BA714F66A926BD0A44 /* Pods_SportsApp.framework */ = {isa = PBXFileReference; explicitFileType = wrapper.framework; includeInIndex = 0; path = Pods_SportsApp.framework; sourceTree = BUILT_PRODUCTS_DIR; };
/* End PBXFileReference section */

/* Begin PBXFrameworksBuildPhase section */
		84725EC927A42E73008475DC /* Frameworks */ = {
			isa = PBXFrameworksBuildPhase;
			buildActionMask = 2147483647;
			files = (
				E727B3A1C6018E0F453A6B7E /* Pods_SportsApp.framework in Frameworks */,
			);
			runOnlyForDeploymentPostprocessing = 0;
		};
/* End PBXFrameworksBuildPhase section */

/* Begin PBXGroup section */
		15E0C53427A46EDD0065E876 /* storyboards */ = {
			isa = PBXGroup;
			children = (
				84725ED527A42E73008475DC /* Main.storyboard */,
				15E0C53527A46F2A0065E876 /* Details.storyboard */,
				84725EDA27A42E76008475DC /* LaunchScreen.storyboard */,
			);
			path = storyboards;
			sourceTree = "<group>";
		};
		15FFB6A027AEF2BE00DC0FC0 /* View */ = {
			isa = PBXGroup;
			children = (
				84725EF027A47708008475DC /* LeagueDetailsViewController.swift */,
				15FFB6A127AEF30900DC0FC0 /* LeagueDetailsViewProtocol.swift */,
			);
			path = View;
			sourceTree = "<group>";
		};
		15FFB6A327AEF36A00DC0FC0 /* Presenter */ = {
			isa = PBXGroup;
			children = (
				84725EF227A4773B008475DC /* LeagueDetailsPresenter.swift */,
				15FFB6A427AEF3A000DC0FC0 /* LeagueDetailsPresenterProtocol.swift */,
			);
			path = Presenter;
			sourceTree = "<group>";
		};
		15FFB6A627AEFB0500DC0FC0 /* View */ = {
			isa = PBXGroup;
			children = (
				84600C8027A47FE400640080 /* TeamDetailsViewController.swift */,
				8483F2AD27AF06A300ADEAFF /* TeamDetailsViewControllerProtocol.swift */,
			);
			path = View;
			sourceTree = "<group>";
		};
		15FFB6A727AEFB1100DC0FC0 /* Presenter */ = {
			isa = PBXGroup;
			children = (
				15FFB6A827AEFB3C00DC0FC0 /* TeamDetailsPresenter.swift */,
				8483F2AB27AF066500ADEAFF /* TeamDetailsPresenterProtocol.swift */,
			);
			path = Presenter;
			sourceTree = "<group>";
		};
		52ACCE6660037322D946DDC6 /* Pods */ = {
			isa = PBXGroup;
			children = (
				AD8718EFE8124625EE68C34D /* Pods-SportsApp.debug.xcconfig */,
				88959A02A5A561A17E9DA997 /* Pods-SportsApp.release.xcconfig */,
			);
			path = Pods;
			sourceTree = "<group>";
		};
		590711A727A7323A0061E6F6 /* UIImageView */ = {
			isa = PBXGroup;
			children = (
				590711A827A7326C0061E6F6 /* UIImageView.swift */,
			);
			path = UIImageView;
			sourceTree = "<group>";
		};
		599E697327AFF28E009F2722 /* NoInternetConnectionViewController */ = {
			isa = PBXGroup;
			children = (
				599E697427AFF2B9009F2722 /* NoInternetConnectionViewController.swift */,
			);
			path = NoInternetConnectionViewController;
			sourceTree = "<group>";
		};
		840F2B3127A7461900D56A18 /* SportsCollectionViewCell */ = {
			isa = PBXGroup;
			children = (
				840F2B3227A7464D00D56A18 /* SportsCollectionViewCell.swift */,
				840F2B3327A7464D00D56A18 /* SportsCollectionViewCell.xib */,
			);
			path = SportsCollectionViewCell;
			sourceTree = "<group>";
		};
		8427082627B00D71006CDEE1 /* CollectionViewHeader */ = {
			isa = PBXGroup;
			children = (
				8427082727B00DB4006CDEE1 /* CollectionHeaderView.xib */,
				8427082927B00DCE006CDEE1 /* CollectionHeaderView.swift */,
			);
			path = CollectionViewHeader;
			sourceTree = "<group>";
		};
		84600C7B27A47F2000640080 /* TabbarController */ = {
			isa = PBXGroup;
			children = (
				84600C7C27A47F5B00640080 /* TabBarViewController.swift */,
			);
			path = TabbarController;
			sourceTree = "<group>";
		};
		84600C8C27A4887200640080 /* CoreDataManager */ = {
			isa = PBXGroup;
			children = (
				84600C8D27A4888700640080 /* CoreDataManager.swift */,
			);
			path = CoreDataManager;
			sourceTree = "<group>";
		};
		84725EC327A42E73008475DC = {
			isa = PBXGroup;
			children = (
				84725ECE27A42E73008475DC /* SportsApp */,
				84725ECD27A42E73008475DC /* Products */,
				52ACCE6660037322D946DDC6 /* Pods */,
				F63633520D529A38E7D7C12D /* Frameworks */,
			);
			sourceTree = "<group>";
		};
		84725ECD27A42E73008475DC /* Products */ = {
			isa = PBXGroup;
			children = (
				84725ECC27A42E73008475DC /* SportsApp.app */,
			);
			name = Products;
			sourceTree = "<group>";
		};
		84725ECE27A42E73008475DC /* SportsApp */ = {
			isa = PBXGroup;
			children = (
				849F492527A6B51100C0321F /* View */,
				84725EE327A4751E008475DC /* AppDelegate */,
				84725EE927A475E8008475DC /* Modules */,
				84725EEA27A47618008475DC /* Model */,
				15E0C53427A46EDD0065E876 /* storyboards */,
				84725EED27A47666008475DC /* Utilities */,
				84725ED827A42E76008475DC /* Assets.xcassets */,
				84725EDD27A42E76008475DC /* Info.plist */,
				84E4387727AF165B001ACF64 /* FavouriteLeagueModel.xcdatamodeld */,
			);
			path = SportsApp;
			sourceTree = "<group>";
		};
		84725EE327A4751E008475DC /* AppDelegate */ = {
			isa = PBXGroup;
			children = (
				84725ECF27A42E73008475DC /* AppDelegate.swift */,
				84725ED127A42E73008475DC /* SceneDelegate.swift */,
			);
			path = AppDelegate;
			sourceTree = "<group>";
		};
		84725EE427A47541008475DC /* SportsListScreen */ = {
			isa = PBXGroup;
			children = (
				84725ED327A42E73008475DC /* SportsListViewController.swift */,
				59C89E8F27ABE27600D33884 /* SportsListPresenter.swift */,
			);
			path = SportsListScreen;
			sourceTree = "<group>";
		};
		84725EE527A47555008475DC /* FavouritesScreen */ = {
			isa = PBXGroup;
			children = (
				849C943727AF251900DC4302 /* View */,
				849C943427AF235D00DC4302 /* presenter */,
			);
			path = FavouritesScreen;
			sourceTree = "<group>";
		};
		84725EE627A47570008475DC /* LeaguesListScreen */ = {
			isa = PBXGroup;
			children = (
				84600C7E27A47FBF00640080 /* LeaguesListViewController.swift */,
				59C89E8D27AADB9B00D33884 /* LeaguesListViewPresenter.swift */,
			);
			path = LeaguesListScreen;
			sourceTree = "<group>";
		};
		84725EE727A475BA008475DC /* LeagueDetailsScreen */ = {
			isa = PBXGroup;
			children = (
				15FFB6A027AEF2BE00DC0FC0 /* View */,
				15FFB6A327AEF36A00DC0FC0 /* Presenter */,
			);
			path = LeagueDetailsScreen;
			sourceTree = "<group>";
		};
		84725EE827A475CF008475DC /* TeamDetailsScreen */ = {
			isa = PBXGroup;
			children = (
				15FFB6A627AEFB0500DC0FC0 /* View */,
				15FFB6A727AEFB1100DC0FC0 /* Presenter */,
			);
			path = TeamDetailsScreen;
			sourceTree = "<group>";
		};
		84725EE927A475E8008475DC /* Modules */ = {
			isa = PBXGroup;
			children = (
				599E697327AFF28E009F2722 /* NoInternetConnectionViewController */,
				84FA6D7227A87BAA0060ED0C /* BaseViewController */,
				84600C7B27A47F2000640080 /* TabbarController */,
				84725EE427A47541008475DC /* SportsListScreen */,
				84725EE627A47570008475DC /* LeaguesListScreen */,
				84725EE727A475BA008475DC /* LeagueDetailsScreen */,
				84725EE827A475CF008475DC /* TeamDetailsScreen */,
				84725EE527A47555008475DC /* FavouritesScreen */,
			);
			path = Modules;
			sourceTree = "<group>";
		};
		84725EEA27A47618008475DC /* Model */ = {
			isa = PBXGroup;
			children = (
				84725EEC27A47635008475DC /* Models */,
				84725EEB27A47628008475DC /* ServicesModels */,
			);
			path = Model;
			sourceTree = "<group>";
		};
		84725EEB27A47628008475DC /* ServicesModels */ = {
			isa = PBXGroup;
			children = (
				84600C8627A486E500640080 /* GetAllSportsResponseModel.swift */,
				84FA6D7D27A8C5220060ED0C /* GetAllLeaguesResponseModel.swift */,
				59C89E9127ABF6C800D33884 /* GetAllTeamsResponseModel.swift */,
				599E696B27AC0C31009F2722 /* GetAllUpComingEventsResponseModel.swift */,
				599E696F27AC0EE1009F2722 /* GetAllLatestEventsResponseModel.swift */,
			);
			path = ServicesModels;
			sourceTree = "<group>";
		};
		84725EEC27A47635008475DC /* Models */ = {
			isa = PBXGroup;
			children = (
				84600C8427A486C400640080 /* LeagueModel.swift */,
				84FA6D7527A87F310060ED0C /* SportModel.swift */,
				59C89E9327ABF70300D33884 /* TeamModel.swift */,
				599E696D27AC0C82009F2722 /* EventModel.swift */,
			);
			path = Models;
			sourceTree = "<group>";
		};
		84725EED27A47666008475DC /* Utilities */ = {
			isa = PBXGroup;
			children = (
				84FA6D6E27A8793D0060ED0C /* Enums */,
				84BEA4AF27A785F4006843A2 /* UIView */,
				590711A727A7323A0061E6F6 /* UIImageView */,
				849F493827A6B6E800C0321F /* TableView */,
				84600C8C27A4887200640080 /* CoreDataManager */,
				84725EEF27A4768C008475DC /* NetworkManager */,
				599E697127AFED7E009F2722 /* NetworkReachability.swift */,
			);
			path = Utilities;
			sourceTree = "<group>";
		};
		84725EEF27A4768C008475DC /* NetworkManager */ = {
			isa = PBXGroup;
			children = (
				84600C8827A486F800640080 /* NetworkManager.swift */,
				84FA6D7927A881F20060ED0C /* EndPoint.swift */,
				84FA6D7B27A884CB0060ED0C /* Errors.swift */,
			);
			path = NetworkManager;
			sourceTree = "<group>";
		};
		849C943427AF235D00DC4302 /* presenter */ = {
			isa = PBXGroup;
			children = (
				849C943227AF235700DC4302 /* FavouriteLeaguesPresenter.swift */,
				849C943527AF237900DC4302 /* FavouritePresenterProtocol.swift */,
			);
			path = presenter;
			sourceTree = "<group>";
		};
		849C943727AF251900DC4302 /* View */ = {
			isa = PBXGroup;
			children = (
				84600C8227A4800600640080 /* FavouriteLeaguesViewController.swift */,
				849C943827AF254900DC4302 /* FavouriteLeaguesControllerProtocol.swift */,
			);
			path = View;
			sourceTree = "<group>";
		};
		849F492527A6B51100C0321F /* View */ = {
			isa = PBXGroup;
			children = (
				849F492827A6B56100C0321F /* Xibs */,
			);
			path = View;
			sourceTree = "<group>";
		};
		849F492827A6B56100C0321F /* Xibs */ = {
			isa = PBXGroup;
			children = (
				8427082627B00D71006CDEE1 /* CollectionViewHeader */,
				840F2B3127A7461900D56A18 /* SportsCollectionViewCell */,
				849F493327A6B5D800C0321F /* UpcomingEventCollectionViewCell */,
				849F492E27A6B5A700C0321F /* TeamCollectionViewCell */,
				849F492927A6B56A00C0321F /* LatestEventTableViewCell */,
				84FA6D6D27A871FA0060ED0C /* LeaguesTableViewCell */,
			);
			path = Xibs;
			sourceTree = "<group>";
		};
		849F492927A6B56A00C0321F /* LatestEventTableViewCell */ = {
			isa = PBXGroup;
			children = (
				849F492A27A6B58D00C0321F /* LatestEventTableViewCell.swift */,
				849F492B27A6B58D00C0321F /* LatestEventTableViewCell.xib */,
			);
			path = LatestEventTableViewCell;
			sourceTree = "<group>";
		};
		849F492E27A6B5A700C0321F /* TeamCollectionViewCell */ = {
			isa = PBXGroup;
			children = (
				849F493027A6B5BD00C0321F /* TeamCollectionViewCell.swift */,
				849F492F27A6B5BD00C0321F /* TeamCollectionViewCell.xib */,
			);
			path = TeamCollectionViewCell;
			sourceTree = "<group>";
		};
		849F493327A6B5D800C0321F /* UpcomingEventCollectionViewCell */ = {
			isa = PBXGroup;
			children = (
				849F493427A6B60700C0321F /* UpcomingEventCollectionViewCell.swift */,
				849F493527A6B60700C0321F /* UpcomingEventCollectionViewCell.xib */,
			);
			path = UpcomingEventCollectionViewCell;
			sourceTree = "<group>";
		};
		849F493827A6B6E800C0321F /* TableView */ = {
			isa = PBXGroup;
			children = (
				849F493927A6B6F400C0321F /* SelfSizedTableView.swift */,
			);
			path = TableView;
			sourceTree = "<group>";
		};
		84BEA4AF27A785F4006843A2 /* UIView */ = {
			isa = PBXGroup;
			children = (
				84BEA4B027A7860E006843A2 /* UIView.swift */,
			);
			path = UIView;
			sourceTree = "<group>";
		};
		84FA6D6D27A871FA0060ED0C /* LeaguesTableViewCell */ = {
			isa = PBXGroup;
			children = (
				590711A327A71E3F0061E6F6 /* LeaguesTableViewCell.swift */,
				590711A427A71E3F0061E6F6 /* LeaguesTableViewCell.xib */,
			);
			path = LeaguesTableViewCell;
			sourceTree = "<group>";
		};
		84FA6D6E27A8793D0060ED0C /* Enums */ = {
			isa = PBXGroup;
			children = (
				84FA6D6F27A8795A0060ED0C /* Storyboards.swift */,
			);
			path = Enums;
			sourceTree = "<group>";
		};
		84FA6D7227A87BAA0060ED0C /* BaseViewController */ = {
			isa = PBXGroup;
			children = (
				84FA6D7327A87BC30060ED0C /* BaseViewController.swift */,
			);
			path = BaseViewController;
			sourceTree = "<group>";
		};
		F63633520D529A38E7D7C12D /* Frameworks */ = {
			isa = PBXGroup;
			children = (
				DD8EB6BA714F66A926BD0A44 /* Pods_SportsApp.framework */,
			);
			name = Frameworks;
			sourceTree = "<group>";
		};
/* End PBXGroup section */

/* Begin PBXNativeTarget section */
		84725ECB27A42E73008475DC /* SportsApp */ = {
			isa = PBXNativeTarget;
			buildConfigurationList = 84725EE027A42E76008475DC /* Build configuration list for PBXNativeTarget "SportsApp" */;
			buildPhases = (
				243A760A29F24ADB9B8CA466 /* [CP] Check Pods Manifest.lock */,
				84725EC827A42E73008475DC /* Sources */,
				84725EC927A42E73008475DC /* Frameworks */,
				84725ECA27A42E73008475DC /* Resources */,
				CAFD9B613AB3342B4CEEF7DD /* [CP] Embed Pods Frameworks */,
			);
			buildRules = (
			);
			dependencies = (
			);
			name = SportsApp;
			productName = SportsApp;
			productReference = 84725ECC27A42E73008475DC /* SportsApp.app */;
			productType = "com.apple.product-type.application";
		};
/* End PBXNativeTarget section */

/* Begin PBXProject section */
		84725EC427A42E73008475DC /* Project object */ = {
			isa = PBXProject;
			attributes = {
				LastSwiftUpdateCheck = 1150;
				LastUpgradeCheck = 1150;
				ORGANIZATIONNAME = admin;
				TargetAttributes = {
					84725ECB27A42E73008475DC = {
						CreatedOnToolsVersion = 11.5;
					};
				};
			};
			buildConfigurationList = 84725EC727A42E73008475DC /* Build configuration list for PBXProject "SportsApp" */;
			compatibilityVersion = "Xcode 9.3";
			developmentRegion = en;
			hasScannedForEncodings = 0;
			knownRegions = (
				en,
				Base,
			);
			mainGroup = 84725EC327A42E73008475DC;
			productRefGroup = 84725ECD27A42E73008475DC /* Products */;
			projectDirPath = "";
			projectRoot = "";
			targets = (
				84725ECB27A42E73008475DC /* SportsApp */,
			);
		};
/* End PBXProject section */

/* Begin PBXResourcesBuildPhase section */
		84725ECA27A42E73008475DC /* Resources */ = {
			isa = PBXResourcesBuildPhase;
			buildActionMask = 2147483647;
			files = (
				84725EDC27A42E76008475DC /* LaunchScreen.storyboard in Resources */,
				849F493727A6B60700C0321F /* UpcomingEventCollectionViewCell.xib in Resources */,
				590711A627A71E3F0061E6F6 /* LeaguesTableViewCell.xib in Resources */,
				8427082827B00DB4006CDEE1 /* CollectionHeaderView.xib in Resources */,
				849F492D27A6B58D00C0321F /* LatestEventTableViewCell.xib in Resources */,
				84725ED927A42E76008475DC /* Assets.xcassets in Resources */,
				840F2B3527A7464D00D56A18 /* SportsCollectionViewCell.xib in Resources */,
				849F493127A6B5BD00C0321F /* TeamCollectionViewCell.xib in Resources */,
				84725ED727A42E73008475DC /* Main.storyboard in Resources */,
				15E0C53627A46F2A0065E876 /* Details.storyboard in Resources */,
			);
			runOnlyForDeploymentPostprocessing = 0;
		};
/* End PBXResourcesBuildPhase section */

/* Begin PBXShellScriptBuildPhase section */
		243A760A29F24ADB9B8CA466 /* [CP] Check Pods Manifest.lock */ = {
			isa = PBXShellScriptBuildPhase;
			buildActionMask = 2147483647;
			files = (
			);
			inputFileListPaths = (
			);
			inputPaths = (
				"${PODS_PODFILE_DIR_PATH}/Podfile.lock",
				"${PODS_ROOT}/Manifest.lock",
			);
			name = "[CP] Check Pods Manifest.lock";
			outputFileListPaths = (
			);
			outputPaths = (
				"$(DERIVED_FILE_DIR)/Pods-SportsApp-checkManifestLockResult.txt",
			);
			runOnlyForDeploymentPostprocessing = 0;
			shellPath = /bin/sh;
			shellScript = "diff \"${PODS_PODFILE_DIR_PATH}/Podfile.lock\" \"${PODS_ROOT}/Manifest.lock\" > /dev/null\nif [ $? != 0 ] ; then\n    # print error to STDERR\n    echo \"error: The sandbox is not in sync with the Podfile.lock. Run 'pod install' or update your CocoaPods installation.\" >&2\n    exit 1\nfi\n# This output is used by Xcode 'outputs' to avoid re-running this script phase.\necho \"SUCCESS\" > \"${SCRIPT_OUTPUT_FILE_0}\"\n";
			showEnvVarsInLog = 0;
		};
		CAFD9B613AB3342B4CEEF7DD /* [CP] Embed Pods Frameworks */ = {
			isa = PBXShellScriptBuildPhase;
			buildActionMask = 2147483647;
			files = (
			);
			inputFileListPaths = (
				"${PODS_ROOT}/Target Support Files/Pods-SportsApp/Pods-SportsApp-frameworks-${CONFIGURATION}-input-files.xcfilelist",
			);
			name = "[CP] Embed Pods Frameworks";
			outputFileListPaths = (
				"${PODS_ROOT}/Target Support Files/Pods-SportsApp/Pods-SportsApp-frameworks-${CONFIGURATION}-output-files.xcfilelist",
			);
			runOnlyForDeploymentPostprocessing = 0;
			shellPath = /bin/sh;
			shellScript = "\"${PODS_ROOT}/Target Support Files/Pods-SportsApp/Pods-SportsApp-frameworks.sh\"\n";
			showEnvVarsInLog = 0;
		};
/* End PBXShellScriptBuildPhase section */

/* Begin PBXSourcesBuildPhase section */
		84725EC827A42E73008475DC /* Sources */ = {
			isa = PBXSourcesBuildPhase;
			buildActionMask = 2147483647;
			files = (
				59C89E9427ABF70300D33884 /* TeamModel.swift in Sources */,
				59C89E9027ABE27600D33884 /* SportsListPresenter.swift in Sources */,
				84600C8927A486F800640080 /* NetworkManager.swift in Sources */,
				849F493A27A6B6F400C0321F /* SelfSizedTableView.swift in Sources */,
				849F492C27A6B58D00C0321F /* LatestEventTableViewCell.swift in Sources */,
				849C943327AF235700DC4302 /* FavouriteLeaguesPresenter.swift in Sources */,
				84FA6D7427A87BC30060ED0C /* BaseViewController.swift in Sources */,
				84FA6D7E27A8C5220060ED0C /* GetAllLeaguesResponseModel.swift in Sources */,
				849C943627AF237A00DC4302 /* FavouritePresenterProtocol.swift in Sources */,
				599E697027AC0EE2009F2722 /* GetAllLatestEventsResponseModel.swift in Sources */,
				599E696E27AC0C82009F2722 /* EventModel.swift in Sources */,
				84FA6D7A27A881F20060ED0C /* EndPoint.swift in Sources */,
				599E697227AFED7E009F2722 /* NetworkReachability.swift in Sources */,
				15FFB6A527AEF3A000DC0FC0 /* LeagueDetailsPresenterProtocol.swift in Sources */,
				15FFB6A927AEFB3C00DC0FC0 /* TeamDetailsPresenter.swift in Sources */,
				84725EF127A47708008475DC /* LeagueDetailsViewController.swift in Sources */,
				84FA6D7027A8795A0060ED0C /* Storyboards.swift in Sources */,
				84725ED427A42E73008475DC /* SportsListViewController.swift in Sources */,
				84600C8727A486E500640080 /* GetAllSportsResponseModel.swift in Sources */,
				84725EF327A4773B008475DC /* LeagueDetailsPresenter.swift in Sources */,
				84725ED027A42E73008475DC /* AppDelegate.swift in Sources */,
				84600C8327A4800600640080 /* FavouriteLeaguesViewController.swift in Sources */,
				84600C8E27A4888700640080 /* CoreDataManager.swift in Sources */,
				84FA6D7627A87F310060ED0C /* SportModel.swift in Sources */,
				84BEA4B127A7860E006843A2 /* UIView.swift in Sources */,
				8483F2AE27AF06A300ADEAFF /* TeamDetailsViewControllerProtocol.swift in Sources */,
				599E696C27AC0C31009F2722 /* GetAllUpComingEventsResponseModel.swift in Sources */,
				84600C7D27A47F5B00640080 /* TabBarViewController.swift in Sources */,
				59C89E9227ABF6C800D33884 /* GetAllTeamsResponseModel.swift in Sources */,
				84600C7F27A47FBF00640080 /* LeaguesListViewController.swift in Sources */,
				84FA6D7C27A884CB0060ED0C /* Errors.swift in Sources */,
				8427082A27B00DCE006CDEE1 /* CollectionHeaderView.swift in Sources */,
				590711A927A7326C0061E6F6 /* UIImageView.swift in Sources */,
				599E697527AFF2B9009F2722 /* NoInternetConnectionViewController.swift in Sources */,
				8483F2AC27AF066500ADEAFF /* TeamDetailsPresenterProtocol.swift in Sources */,
				849F493627A6B60700C0321F /* UpcomingEventCollectionViewCell.swift in Sources */,
				15FFB6A227AEF30900DC0FC0 /* LeagueDetailsViewProtocol.swift in Sources */,
				84600C8127A47FE400640080 /* TeamDetailsViewController.swift in Sources */,
				84E4387927AF165B001ACF64 /* FavouriteLeagueModel.xcdatamodeld in Sources */,
				59C89E8E27AADB9B00D33884 /* LeaguesListViewPresenter.swift in Sources */,
				840F2B3427A7464D00D56A18 /* SportsCollectionViewCell.swift in Sources */,
				849F493227A6B5BD00C0321F /* TeamCollectionViewCell.swift in Sources */,
				84600C8527A486C400640080 /* LeagueModel.swift in Sources */,
				590711A527A71E3F0061E6F6 /* LeaguesTableViewCell.swift in Sources */,
				84725ED227A42E73008475DC /* SceneDelegate.swift in Sources */,
				849C943927AF254900DC4302 /* FavouriteLeaguesControllerProtocol.swift in Sources */,
			);
			runOnlyForDeploymentPostprocessing = 0;
		};
/* End PBXSourcesBuildPhase section */

/* Begin PBXVariantGroup section */
		84725ED527A42E73008475DC /* Main.storyboard */ = {
			isa = PBXVariantGroup;
			children = (
				84725ED627A42E73008475DC /* Base */,
			);
			name = Main.storyboard;
			sourceTree = "<group>";
		};
		84725EDA27A42E76008475DC /* LaunchScreen.storyboard */ = {
			isa = PBXVariantGroup;
			children = (
				84725EDB27A42E76008475DC /* Base */,
			);
			name = LaunchScreen.storyboard;
			sourceTree = "<group>";
		};
/* End PBXVariantGroup section */

/* Begin XCBuildConfiguration section */
		84725EDE27A42E76008475DC /* Debug */ = {
			isa = XCBuildConfiguration;
			buildSettings = {
				ALWAYS_SEARCH_USER_PATHS = NO;
				CLANG_ANALYZER_NONNULL = YES;
				CLANG_ANALYZER_NUMBER_OBJECT_CONVERSION = YES_AGGRESSIVE;
				CLANG_CXX_LANGUAGE_STANDARD = "gnu++14";
				CLANG_CXX_LIBRARY = "libc++";
				CLANG_ENABLE_MODULES = YES;
				CLANG_ENABLE_OBJC_ARC = YES;
				CLANG_ENABLE_OBJC_WEAK = YES;
				CLANG_WARN_BLOCK_CAPTURE_AUTORELEASING = YES;
				CLANG_WARN_BOOL_CONVERSION = YES;
				CLANG_WARN_COMMA = YES;
				CLANG_WARN_CONSTANT_CONVERSION = YES;
				CLANG_WARN_DEPRECATED_OBJC_IMPLEMENTATIONS = YES;
				CLANG_WARN_DIRECT_OBJC_ISA_USAGE = YES_ERROR;
				CLANG_WARN_DOCUMENTATION_COMMENTS = YES;
				CLANG_WARN_EMPTY_BODY = YES;
				CLANG_WARN_ENUM_CONVERSION = YES;
				CLANG_WARN_INFINITE_RECURSION = YES;
				CLANG_WARN_INT_CONVERSION = YES;
				CLANG_WARN_NON_LITERAL_NULL_CONVERSION = YES;
				CLANG_WARN_OBJC_IMPLICIT_RETAIN_SELF = YES;
				CLANG_WARN_OBJC_LITERAL_CONVERSION = YES;
				CLANG_WARN_OBJC_ROOT_CLASS = YES_ERROR;
				CLANG_WARN_RANGE_LOOP_ANALYSIS = YES;
				CLANG_WARN_STRICT_PROTOTYPES = YES;
				CLANG_WARN_SUSPICIOUS_MOVE = YES;
				CLANG_WARN_UNGUARDED_AVAILABILITY = YES_AGGRESSIVE;
				CLANG_WARN_UNREACHABLE_CODE = YES;
				CLANG_WARN__DUPLICATE_METHOD_MATCH = YES;
				COPY_PHASE_STRIP = NO;
				DEBUG_INFORMATION_FORMAT = dwarf;
				ENABLE_STRICT_OBJC_MSGSEND = YES;
				ENABLE_TESTABILITY = YES;
				GCC_C_LANGUAGE_STANDARD = gnu11;
				GCC_DYNAMIC_NO_PIC = NO;
				GCC_NO_COMMON_BLOCKS = YES;
				GCC_OPTIMIZATION_LEVEL = 0;
				GCC_PREPROCESSOR_DEFINITIONS = (
					"DEBUG=1",
					"$(inherited)",
				);
				GCC_WARN_64_TO_32_BIT_CONVERSION = YES;
				GCC_WARN_ABOUT_RETURN_TYPE = YES_ERROR;
				GCC_WARN_UNDECLARED_SELECTOR = YES;
				GCC_WARN_UNINITIALIZED_AUTOS = YES_AGGRESSIVE;
				GCC_WARN_UNUSED_FUNCTION = YES;
				GCC_WARN_UNUSED_VARIABLE = YES;
				IPHONEOS_DEPLOYMENT_TARGET = 13.2;
				MTL_ENABLE_DEBUG_INFO = INCLUDE_SOURCE;
				MTL_FAST_MATH = YES;
				ONLY_ACTIVE_ARCH = YES;
				SDKROOT = iphoneos;
				SWIFT_ACTIVE_COMPILATION_CONDITIONS = DEBUG;
				SWIFT_OPTIMIZATION_LEVEL = "-Onone";
			};
			name = Debug;
		};
		84725EDF27A42E76008475DC /* Release */ = {
			isa = XCBuildConfiguration;
			buildSettings = {
				ALWAYS_SEARCH_USER_PATHS = NO;
				CLANG_ANALYZER_NONNULL = YES;
				CLANG_ANALYZER_NUMBER_OBJECT_CONVERSION = YES_AGGRESSIVE;
				CLANG_CXX_LANGUAGE_STANDARD = "gnu++14";
				CLANG_CXX_LIBRARY = "libc++";
				CLANG_ENABLE_MODULES = YES;
				CLANG_ENABLE_OBJC_ARC = YES;
				CLANG_ENABLE_OBJC_WEAK = YES;
				CLANG_WARN_BLOCK_CAPTURE_AUTORELEASING = YES;
				CLANG_WARN_BOOL_CONVERSION = YES;
				CLANG_WARN_COMMA = YES;
				CLANG_WARN_CONSTANT_CONVERSION = YES;
				CLANG_WARN_DEPRECATED_OBJC_IMPLEMENTATIONS = YES;
				CLANG_WARN_DIRECT_OBJC_ISA_USAGE = YES_ERROR;
				CLANG_WARN_DOCUMENTATION_COMMENTS = YES;
				CLANG_WARN_EMPTY_BODY = YES;
				CLANG_WARN_ENUM_CONVERSION = YES;
				CLANG_WARN_INFINITE_RECURSION = YES;
				CLANG_WARN_INT_CONVERSION = YES;
				CLANG_WARN_NON_LITERAL_NULL_CONVERSION = YES;
				CLANG_WARN_OBJC_IMPLICIT_RETAIN_SELF = YES;
				CLANG_WARN_OBJC_LITERAL_CONVERSION = YES;
				CLANG_WARN_OBJC_ROOT_CLASS = YES_ERROR;
				CLANG_WARN_RANGE_LOOP_ANALYSIS = YES;
				CLANG_WARN_STRICT_PROTOTYPES = YES;
				CLANG_WARN_SUSPICIOUS_MOVE = YES;
				CLANG_WARN_UNGUARDED_AVAILABILITY = YES_AGGRESSIVE;
				CLANG_WARN_UNREACHABLE_CODE = YES;
				CLANG_WARN__DUPLICATE_METHOD_MATCH = YES;
				COPY_PHASE_STRIP = NO;
				DEBUG_INFORMATION_FORMAT = "dwarf-with-dsym";
				ENABLE_NS_ASSERTIONS = NO;
				ENABLE_STRICT_OBJC_MSGSEND = YES;
				GCC_C_LANGUAGE_STANDARD = gnu11;
				GCC_NO_COMMON_BLOCKS = YES;
				GCC_WARN_64_TO_32_BIT_CONVERSION = YES;
				GCC_WARN_ABOUT_RETURN_TYPE = YES_ERROR;
				GCC_WARN_UNDECLARED_SELECTOR = YES;
				GCC_WARN_UNINITIALIZED_AUTOS = YES_AGGRESSIVE;
				GCC_WARN_UNUSED_FUNCTION = YES;
				GCC_WARN_UNUSED_VARIABLE = YES;
				IPHONEOS_DEPLOYMENT_TARGET = 13.2;
				MTL_ENABLE_DEBUG_INFO = NO;
				MTL_FAST_MATH = YES;
				SDKROOT = iphoneos;
				SWIFT_COMPILATION_MODE = wholemodule;
				SWIFT_OPTIMIZATION_LEVEL = "-O";
				VALIDATE_PRODUCT = YES;
			};
			name = Release;
		};
		84725EE127A42E76008475DC /* Debug */ = {
			isa = XCBuildConfiguration;
			baseConfigurationReference = AD8718EFE8124625EE68C34D /* Pods-SportsApp.debug.xcconfig */;
			buildSettings = {
				ASSETCATALOG_COMPILER_APPICON_NAME = AppIcon;
				CODE_SIGN_STYLE = Automatic;
				DEVELOPMENT_TEAM = Q978G5G4S8;
				INFOPLIST_FILE = SportsApp/Info.plist;
				LD_RUNPATH_SEARCH_PATHS = (
					"$(inherited)",
					"@executable_path/Frameworks",
				);
				PRODUCT_BUNDLE_IDENTIFIER = com.sameh.SportsApp;
				PRODUCT_NAME = "$(TARGET_NAME)";
				SWIFT_VERSION = 5.0;
				TARGETED_DEVICE_FAMILY = "1,2";
			};
			name = Debug;
		};
		84725EE227A42E76008475DC /* Release */ = {
			isa = XCBuildConfiguration;
			baseConfigurationReference = 88959A02A5A561A17E9DA997 /* Pods-SportsApp.release.xcconfig */;
			buildSettings = {
				ASSETCATALOG_COMPILER_APPICON_NAME = AppIcon;
				CODE_SIGN_STYLE = Automatic;
				DEVELOPMENT_TEAM = Q978G5G4S8;
				INFOPLIST_FILE = SportsApp/Info.plist;
				LD_RUNPATH_SEARCH_PATHS = (
					"$(inherited)",
					"@executable_path/Frameworks",
				);
				PRODUCT_BUNDLE_IDENTIFIER = com.sameh.SportsApp;
				PRODUCT_NAME = "$(TARGET_NAME)";
				SWIFT_VERSION = 5.0;
				TARGETED_DEVICE_FAMILY = "1,2";
			};
			name = Release;
		};
/* End XCBuildConfiguration section */

/* Begin XCConfigurationList section */
		84725EC727A42E73008475DC /* Build configuration list for PBXProject "SportsApp" */ = {
			isa = XCConfigurationList;
			buildConfigurations = (
				84725EDE27A42E76008475DC /* Debug */,
				84725EDF27A42E76008475DC /* Release */,
			);
			defaultConfigurationIsVisible = 0;
			defaultConfigurationName = Release;
		};
		84725EE027A42E76008475DC /* Build configuration list for PBXNativeTarget "SportsApp" */ = {
			isa = XCConfigurationList;
			buildConfigurations = (
				84725EE127A42E76008475DC /* Debug */,
				84725EE227A42E76008475DC /* Release */,
			);
			defaultConfigurationIsVisible = 0;
			defaultConfigurationName = Release;
		};
/* End XCConfigurationList section */

/* Begin XCVersionGroup section */
		84E4387727AF165B001ACF64 /* FavouriteLeagueModel.xcdatamodeld */ = {
			isa = XCVersionGroup;
			children = (
				84E4387827AF165B001ACF64 /* FavoriteLeagueModel.xcdatamodel */,
			);
			currentVersion = 84E4387827AF165B001ACF64 /* FavoriteLeagueModel.xcdatamodel */;
			path = FavouriteLeagueModel.xcdatamodeld;
			sourceTree = "<group>";
			versionGroupType = wrapper.xcdatamodel;
		};
/* End XCVersionGroup section */
	};
	rootObject = 84725EC427A42E73008475DC /* Project object */;
}
